
Microsoft Visual Studio Solution File, Format Version 12.00
# Visual Studio Version 16
VisualStudioVersion = 16.0.31205.134
MinimumVisualStudioVersion = 10.0.40219.1
Project("{FAE04EC0-301F-11D3-BF4B-00C04F79EFBC}") = "PAtronesMVC", "PAtronesMVC\PAtronesMVC.csproj", "{57FD2F72-3939-4CCA-9F76-B90ADDF215E0}"
EndProject
Project("{FAE04EC0-301F-11D3-BF4B-00C04F79EFBC}") = "Tools", "Tools\Tools.csproj", "{1C2DD550-F5D7-4199-BE5E-62EE8277FF0E}"
EndProject
Project("{FAE04EC0-301F-11D3-BF4B-00C04F79EFBC}") = "DessingPattern", "DessingPattern\DessingPattern.csproj", "{152006DC-04BC-4CC9-A57D-7538815C9989}"
EndProject
Global
	GlobalSection(SolutionConfigurationPlatforms) = preSolution
		Debug|Any CPU = Debug|Any CPU
		Release|Any CPU = Release|Any CPU
	EndGlobalSection
	GlobalSection(ProjectConfigurationPlatforms) = postSolution
		{57FD2F72-3939-4CCA-9F76-B90ADDF215E0}.Debug|Any CPU.ActiveCfg = Debug|Any CPU
		{57FD2F72-3939-4CCA-9F76-B90ADDF215E0}.Debug|Any CPU.Build.0 = Debug|Any CPU
		{57FD2F72-3939-4CCA-9F76-B90ADDF215E0}.Release|Any CPU.ActiveCfg = Release|Any CPU
		{57FD2F72-3939-4CCA-9F76-B90ADDF215E0}.Release|Any CPU.Build.0 = Release|Any CPU
		{1C2DD550-F5D7-4199-BE5E-62EE8277FF0E}.Debug|Any CPU.ActiveCfg = Debug|Any CPU
		{1C2DD550-F5D7-4199-BE5E-62EE8277FF0E}.Debug|Any CPU.Build.0 = Debug|Any CPU
		{1C2DD550-F5D7-4199-BE5E-62EE8277FF0E}.Release|Any CPU.ActiveCfg = Release|Any CPU
		{1C2DD550-F5D7-4199-BE5E-62EE8277FF0E}.Release|Any CPU.Build.0 = Release|Any CPU
		{152006DC-04BC-4CC9-A57D-7538815C9989}.Debug|Any CPU.ActiveCfg = Debug|Any CPU
		{152006DC-04BC-4CC9-A57D-7538815C9989}.Debug|Any CPU.Build.0 = Debug|Any CPU
		{152006DC-04BC-4CC9-A57D-7538815C9989}.Release|Any CPU.ActiveCfg = Release|Any CPU
		{152006DC-04BC-4CC9-A57D-7538815C9989}.Release|Any CPU.Build.0 = Release|Any CPU
	EndGlobalSection
	GlobalSection(SolutionProperties) = preSolution
		HideSolutionNode = FALSE
	EndGlobalSection
	GlobalSection(ExtensibilityGlobals) = postSolution
		SolutionGuid = {20387B44-1AD5-4939-B2D4-12FF01C2B048}
	EndGlobalSection
EndGlobal
